
Microsoft Visual Studio Solution File, Format Version 12.00
# Visual Studio Version 17
VisualStudioVersion = 17.0.31903.59
MinimumVisualStudioVersion = 10.0.40219.1
Project("{2150E333-8FDC-42A3-9474-1A3956D46DE8}") = "src", "src", "{BA4A2117-EB9D-483A-B780-7E0EC2B213D1}"
EndProject
Project("{2150E333-8FDC-42A3-9474-1A3956D46DE8}") = "tests", "tests", "{0FEBF602-4AFC-4E16-BF96-BA437D1D66DC}"
EndProject
Project("{9A19103F-16F7-4668-BE54-9A1E7A4F7556}") = "PgHintPlan", "src\PgHintPlan\PgHintPlan.csproj", "{F674F5A8-0AE8-4B5D-8D01-205291B8D816}"
EndProject
Project("{9A19103F-16F7-4668-BE54-9A1E7A4F7556}") = "PgHintPlan.EntityFrameworkCore", "src\PgHintPlan.EntityFrameworkCore\PgHintPlan.EntityFrameworkCore.csproj", "{8E539C60-1B96-408B-83B8-C6B100FA6AEF}"
EndProject
Project("{2150E333-8FDC-42A3-9474-1A3956D46DE8}") = "Solution Items", "Solution Items", "{ACF3B13D-F0F8-4403-9FD0-110BDD9429AB}"
	ProjectSection(SolutionItems) = preProject
		.editorconfig = .editorconfig
		.gitignore = .gitignore
		Directory.Build.props = Directory.Build.props
		global.json = global.json
		LICENSE = LICENSE
		README.md = README.md
	EndProjectSection
EndProject
Project("{9A19103F-16F7-4668-BE54-9A1E7A4F7556}") = "Test.PgHintPlan", "tests\Test.PgHintPlan\Test.PgHintPlan.csproj", "{D846FFC0-DF3F-4CC2-9FBE-5FBFF8E096AB}"
EndProject
Global
	GlobalSection(SolutionConfigurationPlatforms) = preSolution
		Debug|Any CPU = Debug|Any CPU
		Release|Any CPU = Release|Any CPU
	EndGlobalSection
	GlobalSection(ProjectConfigurationPlatforms) = postSolution
		{F674F5A8-0AE8-4B5D-8D01-205291B8D816}.Debug|Any CPU.ActiveCfg = Debug|Any CPU
		{F674F5A8-0AE8-4B5D-8D01-205291B8D816}.Debug|Any CPU.Build.0 = Debug|Any CPU
		{F674F5A8-0AE8-4B5D-8D01-205291B8D816}.Release|Any CPU.ActiveCfg = Release|Any CPU
		{F674F5A8-0AE8-4B5D-8D01-205291B8D816}.Release|Any CPU.Build.0 = Release|Any CPU
		{8E539C60-1B96-408B-83B8-C6B100FA6AEF}.Debug|Any CPU.ActiveCfg = Debug|Any CPU
		{8E539C60-1B96-408B-83B8-C6B100FA6AEF}.Debug|Any CPU.Build.0 = Debug|Any CPU
		{8E539C60-1B96-408B-83B8-C6B100FA6AEF}.Release|Any CPU.ActiveCfg = Release|Any CPU
		{8E539C60-1B96-408B-83B8-C6B100FA6AEF}.Release|Any CPU.Build.0 = Release|Any CPU
		{D846FFC0-DF3F-4CC2-9FBE-5FBFF8E096AB}.Debug|Any CPU.ActiveCfg = Debug|Any CPU
		{D846FFC0-DF3F-4CC2-9FBE-5FBFF8E096AB}.Debug|Any CPU.Build.0 = Debug|Any CPU
		{D846FFC0-DF3F-4CC2-9FBE-5FBFF8E096AB}.Release|Any CPU.ActiveCfg = Release|Any CPU
		{D846FFC0-DF3F-4CC2-9FBE-5FBFF8E096AB}.Release|Any CPU.Build.0 = Release|Any CPU
	EndGlobalSection
	GlobalSection(SolutionProperties) = preSolution
		HideSolutionNode = FALSE
	EndGlobalSection
	GlobalSection(NestedProjects) = preSolution
		{F674F5A8-0AE8-4B5D-8D01-205291B8D816} = {BA4A2117-EB9D-483A-B780-7E0EC2B213D1}
		{8E539C60-1B96-408B-83B8-C6B100FA6AEF} = {BA4A2117-EB9D-483A-B780-7E0EC2B213D1}
		{D846FFC0-DF3F-4CC2-9FBE-5FBFF8E096AB} = {0FEBF602-4AFC-4E16-BF96-BA437D1D66DC}
	EndGlobalSection
	GlobalSection(ExtensibilityGlobals) = postSolution
		SolutionGuid = {5D5E6B16-313B-4875-B812-13C7B346D21B}
	EndGlobalSection
EndGlobal
